{
  "name": "httptosqlservertunnel",
  "lockfileVersion": 3,
  "requires": true,
  "packages": {
    "": {
      "name": "httptosqlservertunnel",
      "devDependencies": {
        "bun-types": "latest"
      },
      "peerDependencies": {
        "typescript": "^5.0.0"
      }
    },
    "node_modules/bun-types": {
      "version": "1.0.5",
      "resolved": "https://registry.npmjs.org/bun-types/-/bun-types-1.0.5.tgz",
      "integrity": "sha512-/KYLuoi5usUP/dsOptG6/LDd8QNGG/fjMcaCcBWufXiTpxRNwh0xsDbb0P9Q8uuxZwdiQw76Dwq6xgCrqTRf1w==",
      "dev": true
    },
    "node_modules/typescript": {
      "version": "5.2.2",
      "license": "Apache-2.0",
      "peer": true,
      "bin": {
        "tsc": "bin/tsc",
        "tsserver": "bin/tsserver"
      },
      "engines": {
        "node": ">=14.17"
      }
    }
  }
}
